
Microsoft Visual Studio Solution File, Format Version 12.00
# Visual Studio 15
VisualStudioVersion = 15.0.27130.2010
MinimumVisualStudioVersion = 10.0.40219.1
Project("{FAE04EC0-301F-11D3-BF4B-00C04F79EFBC}") = "DiscordSharp", "DiscordSharp\DiscordSharp.csproj", "{83B812D1-C6A7-4378-825F-F7B21575ADDA}"
EndProject
Project("{FAE04EC0-301F-11D3-BF4B-00C04F79EFBC}") = "DiscordSharp.Commands", "DiscordSharp.Commands\DiscordSharp.Commands.csproj", "{D0A7320C-33CA-455D-886B-86088C083903}"
EndProject
Global
	GlobalSection(SolutionConfigurationPlatforms) = preSolution
		Debug|Any CPU = Debug|Any CPU
		Release|Any CPU = Release|Any CPU
	EndGlobalSection
	GlobalSection(ProjectConfigurationPlatforms) = postSolution
		{83B812D1-C6A7-4378-825F-F7B21575ADDA}.Debug|Any CPU.ActiveCfg = Debug|Any CPU
		{83B812D1-C6A7-4378-825F-F7B21575ADDA}.Debug|Any CPU.Build.0 = Debug|Any CPU
		{83B812D1-C6A7-4378-825F-F7B21575ADDA}.Release|Any CPU.ActiveCfg = Release|Any CPU
		{83B812D1-C6A7-4378-825F-F7B21575ADDA}.Release|Any CPU.Build.0 = Release|Any CPU
		{D0A7320C-33CA-455D-886B-86088C083903}.Debug|Any CPU.ActiveCfg = Debug|Any CPU
		{D0A7320C-33CA-455D-886B-86088C083903}.Debug|Any CPU.Build.0 = Debug|Any CPU
		{D0A7320C-33CA-455D-886B-86088C083903}.Release|Any CPU.ActiveCfg = Release|Any CPU
		{D0A7320C-33CA-455D-886B-86088C083903}.Release|Any CPU.Build.0 = Release|Any CPU
	EndGlobalSection
	GlobalSection(SolutionProperties) = preSolution
		HideSolutionNode = FALSE
	EndGlobalSection
	GlobalSection(ExtensibilityGlobals) = postSolution
		SolutionGuid = {4076345A-687A-4117-890D-F43D786881E1}
	EndGlobalSection
EndGlobal
